// !$*UTF8*$!
{
	archiveVersion = 1;
	classes = {
	};
	objectVersion = 77;
	objects = {

/* Begin PBXBuildFile section */
		CC8387132D4DC09B009ED7A2 /* RealityKitContent in Frameworks */ = {isa = PBXBuildFile; productRef = CC8387122D4DC09B009ED7A2 /* RealityKitContent */; };
/* End PBXBuildFile section */

/* Begin PBXContainerItemProxy section */
		CC8387232D4DC09D009ED7A2 /* PBXContainerItemProxy */ = {
			isa = PBXContainerItemProxy;
			containerPortal = CC8387052D4DC09B009ED7A2 /* Project object */;
			proxyType = 1;
			remoteGlobalIDString = CC83870C2D4DC09B009ED7A2;
			remoteInfo = immersivePlayer;
		};
/* End PBXContainerItemProxy section */

/* Begin PBXFileReference section */
		CC83870D2D4DC09B009ED7A2 /* immersivePlayer.app */ = {isa = PBXFileReference; explicitFileType = wrapper.application; includeInIndex = 0; path = immersivePlayer.app; sourceTree = BUILT_PRODUCTS_DIR; };
		CC8387112D4DC09B009ED7A2 /* RealityKitContent */ = {isa = PBXFileReference; lastKnownFileType = wrapper; path = RealityKitContent; sourceTree = "<group>"; };
		CC8387222D4DC09D009ED7A2 /* immersivePlayerTests.xctest */ = {isa = PBXFileReference; explicitFileType = wrapper.cfbundle; includeInIndex = 0; path = immersivePlayerTests.xctest; sourceTree = BUILT_PRODUCTS_DIR; };
/* End PBXFileReference section */

/* Begin PBXFileSystemSynchronizedBuildFileExceptionSet section */
		CC8387282D4DC09D009ED7A2 /* Exceptions for "immersivePlayer" folder in "immersivePlayer" target */ = {
			isa = PBXFileSystemSynchronizedBuildFileExceptionSet;
			membershipExceptions = (
				Info.plist,
			);
			target = CC83870C2D4DC09B009ED7A2 /* immersivePlayer */;
		};
/* End PBXFileSystemSynchronizedBuildFileExceptionSet section */

/* Begin PBXFileSystemSynchronizedRootGroup section */
		CC83870F2D4DC09B009ED7A2 /* immersivePlayer */ = {
			isa = PBXFileSystemSynchronizedRootGroup;
			exceptions = (
				CC8387282D4DC09D009ED7A2 /* Exceptions for "immersivePlayer" folder in "immersivePlayer" target */,
			);
			path = immersivePlayer;
			sourceTree = "<group>";
		};
		CC8387252D4DC09D009ED7A2 /* immersivePlayerTests */ = {
			isa = PBXFileSystemSynchronizedRootGroup;
			path = immersivePlayerTests;
			sourceTree = "<group>";
		};
/* End PBXFileSystemSynchronizedRootGroup section */

/* Begin PBXFrameworksBuildPhase section */
		CC83870A2D4DC09B009ED7A2 /* Frameworks */ = {
			isa = PBXFrameworksBuildPhase;
			buildActionMask = 2147483647;
			files = (
				CC8387132D4DC09B009ED7A2 /* RealityKitContent in Frameworks */,
			);
			runOnlyForDeploymentPostprocessing = 0;
		};
		CC83871F2D4DC09D009ED7A2 /* Frameworks */ = {
			isa = PBXFrameworksBuildPhase;
			buildActionMask = 2147483647;
			files = (
			);
			runOnlyForDeploymentPostprocessing = 0;
		};
/* End PBXFrameworksBuildPhase section */

/* Begin PBXGroup section */
		CC8387042D4DC09B009ED7A2 = {
			isa = PBXGroup;
			children = (
				CC83870F2D4DC09B009ED7A2 /* immersivePlayer */,
				CC8387102D4DC09B009ED7A2 /* Packages */,
				CC8387252D4DC09D009ED7A2 /* immersivePlayerTests */,
				CC83870E2D4DC09B009ED7A2 /* Products */,
			);
			sourceTree = "<group>";
		};
		CC83870E2D4DC09B009ED7A2 /* Products */ = {
			isa = PBXGroup;
			children = (
				CC83870D2D4DC09B009ED7A2 /* immersivePlayer.app */,
				CC8387222D4DC09D009ED7A2 /* immersivePlayerTests.xctest */,
			);
			name = Products;
			sourceTree = "<group>";
		};
		CC8387102D4DC09B009ED7A2 /* Packages */ = {
			isa = PBXGroup;
			children = (
				CC8387112D4DC09B009ED7A2 /* RealityKitContent */,
			);
			path = Packages;
			sourceTree = "<group>";
		};
/* End PBXGroup section */

/* Begin PBXNativeTarget section */
		CC83870C2D4DC09B009ED7A2 /* immersivePlayer */ = {
			isa = PBXNativeTarget;
			buildConfigurationList = CC8387292D4DC09D009ED7A2 /* Build configuration list for PBXNativeTarget "immersivePlayer" */;
			buildPhases = (
				CC8387092D4DC09B009ED7A2 /* Sources */,
				CC83870A2D4DC09B009ED7A2 /* Frameworks */,
				CC83870B2D4DC09B009ED7A2 /* Resources */,
			);
			buildRules = (
			);
			dependencies = (
			);
			fileSystemSynchronizedGroups = (
				CC83870F2D4DC09B009ED7A2 /* immersivePlayer */,
			);
			name = immersivePlayer;
			packageProductDependencies = (
				CC8387122D4DC09B009ED7A2 /* RealityKitContent */,
			);
			productName = immersivePlayer;
			productReference = CC83870D2D4DC09B009ED7A2 /* immersivePlayer.app */;
			productType = "com.apple.product-type.application";
		};
		CC8387212D4DC09D009ED7A2 /* immersivePlayerTests */ = {
			isa = PBXNativeTarget;
			buildConfigurationList = CC83872E2D4DC09D009ED7A2 /* Build configuration list for PBXNativeTarget "immersivePlayerTests" */;
			buildPhases = (
				CC83871E2D4DC09D009ED7A2 /* Sources */,
				CC83871F2D4DC09D009ED7A2 /* Frameworks */,
				CC8387202D4DC09D009ED7A2 /* Resources */,
			);
			buildRules = (
			);
			dependencies = (
				CC8387242D4DC09D009ED7A2 /* PBXTargetDependency */,
			);
			fileSystemSynchronizedGroups = (
				CC8387252D4DC09D009ED7A2 /* immersivePlayerTests */,
			);
			name = immersivePlayerTests;
			packageProductDependencies = (
			);
			productName = immersivePlayerTests;
			productReference = CC8387222D4DC09D009ED7A2 /* immersivePlayerTests.xctest */;
			productType = "com.apple.product-type.bundle.unit-test";
		};
/* End PBXNativeTarget section */

/* Begin PBXProject section */
		CC8387052D4DC09B009ED7A2 /* Project object */ = {
			isa = PBXProject;
			attributes = {
				BuildIndependentTargetsInParallel = 1;
				LastSwiftUpdateCheck = 1610;
				LastUpgradeCheck = 1610;
				TargetAttributes = {
					CC83870C2D4DC09B009ED7A2 = {
						CreatedOnToolsVersion = 16.1;
					};
					CC8387212D4DC09D009ED7A2 = {
						CreatedOnToolsVersion = 16.1;
						TestTargetID = CC83870C2D4DC09B009ED7A2;
					};
				};
			};
			buildConfigurationList = CC8387082D4DC09B009ED7A2 /* Build configuration list for PBXProject "immersivePlayer" */;
			developmentRegion = en;
			hasScannedForEncodings = 0;
			knownRegions = (
				en,
				Base,
			);
			mainGroup = CC8387042D4DC09B009ED7A2;
			minimizedProjectReferenceProxies = 1;
			preferredProjectObjectVersion = 77;
			productRefGroup = CC83870E2D4DC09B009ED7A2 /* Products */;
			projectDirPath = "";
			projectRoot = "";
			targets = (
				CC83870C2D4DC09B009ED7A2 /* immersivePlayer */,
				CC8387212D4DC09D009ED7A2 /* immersivePlayerTests */,
			);
		};
/* End PBXProject section */

/* Begin PBXResourcesBuildPhase section */
		CC83870B2D4DC09B009ED7A2 /* Resources */ = {
			isa = PBXResourcesBuildPhase;
			buildActionMask = 2147483647;
			files = (
			);
			runOnlyForDeploymentPostprocessing = 0;
		};
		CC8387202D4DC09D009ED7A2 /* Resources */ = {
			isa = PBXResourcesBuildPhase;
			buildActionMask = 2147483647;
			files = (
			);
			runOnlyForDeploymentPostprocessing = 0;
		};
/* End PBXResourcesBuildPhase section */

/* Begin PBXSourcesBuildPhase section */
		CC8387092D4DC09B009ED7A2 /* Sources */ = {
			isa = PBXSourcesBuildPhase;
			buildActionMask = 2147483647;
			files = (
			);
			runOnlyForDeploymentPostprocessing = 0;
		};
		CC83871E2D4DC09D009ED7A2 /* Sources */ = {
			isa = PBXSourcesBuildPhase;
			buildActionMask = 2147483647;
			files = (
			);
			runOnlyForDeploymentPostprocessing = 0;
		};
/* End PBXSourcesBuildPhase section */

/* Begin PBXTargetDependency section */
		CC8387242D4DC09D009ED7A2 /* PBXTargetDependency */ = {
			isa = PBXTargetDependency;
			target = CC83870C2D4DC09B009ED7A2 /* immersivePlayer */;
			targetProxy = CC8387232D4DC09D009ED7A2 /* PBXContainerItemProxy */;
		};
/* End PBXTargetDependency section */

/* Begin XCBuildConfiguration section */
		CC83872A2D4DC09D009ED7A2 /* Debug */ = {
			isa = XCBuildConfiguration;
			buildSettings = {
				ASSETCATALOG_COMPILER_APPICON_NAME = AppIcon;
				ASSETCATALOG_COMPILER_GLOBAL_ACCENT_COLOR_NAME = AccentColor;
				CODE_SIGN_STYLE = Automatic;
				CURRENT_PROJECT_VERSION = 1;
				DEVELOPMENT_ASSET_PATHS = "\"immersivePlayer/Preview Content\"";
				DEVELOPMENT_TEAM = HWM9A35474;
				ENABLE_PREVIEWS = YES;
				GENERATE_INFOPLIST_FILE = YES;
				INFOPLIST_FILE = "$(TARGET_NAME)/Info.plist";
				LD_RUNPATH_SEARCH_PATHS = (
					"$(inherited)",
					"@executable_path/Frameworks",
				);
				MARKETING_VERSION = 1.0;
				PRODUCT_BUNDLE_IDENTIFIER = sogo.immersivePlayer;
				PRODUCT_NAME = "$(TARGET_NAME)";
				SUPPORTED_PLATFORMS = "xros xrsimulator";
				SWIFT_EMIT_LOC_STRINGS = YES;
				SWIFT_VERSION = 5.0;
				TARGETED_DEVICE_FAMILY = 7;
			};
			name = Debug;
		};
		CC83872B2D4DC09D009ED7A2 /* Release */ = {
			isa = XCBuildConfiguration;
			buildSettings = {
				ASSETCATALOG_COMPILER_APPICON_NAME = AppIcon;
				ASSETCATALOG_COMPILER_GLOBAL_ACCENT_COLOR_NAME = AccentColor;
				CODE_SIGN_STYLE = Automatic;
				CURRENT_PROJECT_VERSION = 1;
				DEVELOPMENT_ASSET_PATHS = "\"immersivePlayer/Preview Content\"";
				DEVELOPMENT_TEAM = HWM9A35474;
				ENABLE_PREVIEWS = YES;
				GENERATE_INFOPLIST_FILE = YES;
				INFOPLIST_FILE = "$(TARGET_NAME)/Info.plist";
				LD_RUNPATH_SEARCH_PATHS = (
					"$(inherited)",
					"@executable_path/Frameworks",
				);
				MARKETING_VERSION = 1.0;
				PRODUCT_BUNDLE_IDENTIFIER = sogo.immersivePlayer;
				PRODUCT_NAME = "$(TARGET_NAME)";
				SUPPORTED_PLATFORMS = "xros xrsimulator";
				SWIFT_EMIT_LOC_STRINGS = YES;
				SWIFT_VERSION = 5.0;
				TARGETED_DEVICE_FAMILY = 7;
			};
			name = Release;
		};
		CC83872C2D4DC09D009ED7A2 /* Debug */ = {
			isa = XCBuildConfiguration;
			buildSettings = {
				ALWAYS_SEARCH_USER_PATHS = NO;
				ASSETCATALOG_COMPILER_GENERATE_SWIFT_ASSET_SYMBOL_EXTENSIONS = YES;
				CLANG_ANALYZER_NONNULL = YES;
				CLANG_ANALYZER_NUMBER_OBJECT_CONVERSION = YES_AGGRESSIVE;
				CLANG_CXX_LANGUAGE_STANDARD = "gnu++20";
				CLANG_ENABLE_MODULES = YES;
				CLANG_ENABLE_OBJC_ARC = YES;
				CLANG_ENABLE_OBJC_WEAK = YES;
				CLANG_WARN_BLOCK_CAPTURE_AUTORELEASING = YES;
				CLANG_WARN_BOOL_CONVERSION = YES;
				CLANG_WARN_COMMA = YES;
				CLANG_WARN_CONSTANT_CONVERSION = YES;
				CLANG_WARN_DEPRECATED_OBJC_IMPLEMENTATIONS = YES;
				CLANG_WARN_DIRECT_OBJC_ISA_USAGE = YES_ERROR;
				CLANG_WARN_DOCUMENTATION_COMMENTS = YES;
				CLANG_WARN_EMPTY_BODY = YES;
				CLANG_WARN_ENUM_CONVERSION = YES;
				CLANG_WARN_INFINITE_RECURSION = YES;
				CLANG_WARN_INT_CONVERSION = YES;
				CLANG_WARN_NON_LITERAL_NULL_CONVERSION = YES;
				CLANG_WARN_OBJC_IMPLICIT_RETAIN_SELF = YES;
				CLANG_WARN_OBJC_LITERAL_CONVERSION = YES;
				CLANG_WARN_OBJC_ROOT_CLASS = YES_ERROR;
				CLANG_WARN_QUOTED_INCLUDE_IN_FRAMEWORK_HEADER = YES;
				CLANG_WARN_RANGE_LOOP_ANALYSIS = YES;
				CLANG_WARN_STRICT_PROTOTYPES = YES;
				CLANG_WARN_SUSPICIOUS_MOVE = YES;
				CLANG_WARN_UNGUARDED_AVAILABILITY = YES_AGGRESSIVE;
				CLANG_WARN_UNREACHABLE_CODE = YES;
				CLANG_WARN__DUPLICATE_METHOD_MATCH = YES;
				COPY_PHASE_STRIP = NO;
				DEBUG_INFORMATION_FORMAT = dwarf;
				ENABLE_STRICT_OBJC_MSGSEND = YES;
				ENABLE_TESTABILITY = YES;
				ENABLE_USER_SCRIPT_SANDBOXING = YES;
				GCC_C_LANGUAGE_STANDARD = gnu17;
				GCC_DYNAMIC_NO_PIC = NO;
				GCC_NO_COMMON_BLOCKS = YES;
				GCC_OPTIMIZATION_LEVEL = 0;
				GCC_PREPROCESSOR_DEFINITIONS = (
					"DEBUG=1",
					"$(inherited)",
				);
				GCC_WARN_64_TO_32_BIT_CONVERSION = YES;
				GCC_WARN_ABOUT_RETURN_TYPE = YES_ERROR;
				GCC_WARN_UNDECLARED_SELECTOR = YES;
				GCC_WARN_UNINITIALIZED_AUTOS = YES_AGGRESSIVE;
				GCC_WARN_UNUSED_FUNCTION = YES;
				GCC_WARN_UNUSED_VARIABLE = YES;
				LOCALIZATION_PREFERS_STRING_CATALOGS = YES;
				MTL_ENABLE_DEBUG_INFO = INCLUDE_SOURCE;
				MTL_FAST_MATH = YES;
				ONLY_ACTIVE_ARCH = YES;
				SDKROOT = xros;
				SWIFT_ACTIVE_COMPILATION_CONDITIONS = "DEBUG $(inherited)";
				SWIFT_OPTIMIZATION_LEVEL = "-Onone";
				XROS_DEPLOYMENT_TARGET = 2.1;
			};
			name = Debug;
		};
		CC83872D2D4DC09D009ED7A2 /* Release */ = {
			isa = XCBuildConfiguration;
			buildSettings = {
				ALWAYS_SEARCH_USER_PATHS = NO;
				ASSETCATALOG_COMPILER_GENERATE_SWIFT_ASSET_SYMBOL_EXTENSIONS = YES;
				CLANG_ANALYZER_NONNULL = YES;
				CLANG_ANALYZER_NUMBER_OBJECT_CONVERSION = YES_AGGRESSIVE;
				CLANG_CXX_LANGUAGE_STANDARD = "gnu++20";
				CLANG_ENABLE_MODULES = YES;
				CLANG_ENABLE_OBJC_ARC = YES;
				CLANG_ENABLE_OBJC_WEAK = YES;
				CLANG_WARN_BLOCK_CAPTURE_AUTORELEASING = YES;
				CLANG_WARN_BOOL_CONVERSION = YES;
				CLANG_WARN_COMMA = YES;
				CLANG_WARN_CONSTANT_CONVERSION = YES;
				CLANG_WARN_DEPRECATED_OBJC_IMPLEMENTATIONS = YES;
				CLANG_WARN_DIRECT_OBJC_ISA_USAGE = YES_ERROR;
				CLANG_WARN_DOCUMENTATION_COMMENTS = YES;
				CLANG_WARN_EMPTY_BODY = YES;
				CLANG_WARN_ENUM_CONVERSION = YES;
				CLANG_WARN_INFINITE_RECURSION = YES;
				CLANG_WARN_INT_CONVERSION = YES;
				CLANG_WARN_NON_LITERAL_NULL_CONVERSION = YES;
				CLANG_WARN_OBJC_IMPLICIT_RETAIN_SELF = YES;
				CLANG_WARN_OBJC_LITERAL_CONVERSION = YES;
				CLANG_WARN_OBJC_ROOT_CLASS = YES_ERROR;
				CLANG_WARN_QUOTED_INCLUDE_IN_FRAMEWORK_HEADER = YES;
				CLANG_WARN_RANGE_LOOP_ANALYSIS = YES;
				CLANG_WARN_STRICT_PROTOTYPES = YES;
				CLANG_WARN_SUSPICIOUS_MOVE = YES;
				CLANG_WARN_UNGUARDED_AVAILABILITY = YES_AGGRESSIVE;
				CLANG_WARN_UNREACHABLE_CODE = YES;
				CLANG_WARN__DUPLICATE_METHOD_MATCH = YES;
				COPY_PHASE_STRIP = NO;
				DEBUG_INFORMATION_FORMAT = "dwarf-with-dsym";
				ENABLE_NS_ASSERTIONS = NO;
				ENABLE_STRICT_OBJC_MSGSEND = YES;
				ENABLE_USER_SCRIPT_SANDBOXING = YES;
				GCC_C_LANGUAGE_STANDARD = gnu17;
				GCC_NO_COMMON_BLOCKS = YES;
				GCC_WARN_64_TO_32_BIT_CONVERSION = YES;
				GCC_WARN_ABOUT_RETURN_TYPE = YES_ERROR;
				GCC_WARN_UNDECLARED_SELECTOR = YES;
				GCC_WARN_UNINITIALIZED_AUTOS = YES_AGGRESSIVE;
				GCC_WARN_UNUSED_FUNCTION = YES;
				GCC_WARN_UNUSED_VARIABLE = YES;
				LOCALIZATION_PREFERS_STRING_CATALOGS = YES;
				MTL_ENABLE_DEBUG_INFO = NO;
				MTL_FAST_MATH = YES;
				SDKROOT = xros;
				SWIFT_COMPILATION_MODE = wholemodule;
				VALIDATE_PRODUCT = YES;
				XROS_DEPLOYMENT_TARGET = 2.1;
			};
			name = Release;
		};
		CC83872F2D4DC09D009ED7A2 /* Debug */ = {
			isa = XCBuildConfiguration;
			buildSettings = {
				BUNDLE_LOADER = "$(TEST_HOST)";
				CODE_SIGN_STYLE = Automatic;
				CURRENT_PROJECT_VERSION = 1;
				DEVELOPMENT_TEAM = HWM9A35474;
				GENERATE_INFOPLIST_FILE = YES;
				MARKETING_VERSION = 1.0;
				PRODUCT_BUNDLE_IDENTIFIER = sogo.immersivePlayerTests;
				PRODUCT_NAME = "$(TARGET_NAME)";
				SUPPORTED_PLATFORMS = "xros xrsimulator";
				SWIFT_EMIT_LOC_STRINGS = NO;
				SWIFT_VERSION = 5.0;
				TARGETED_DEVICE_FAMILY = 7;
				TEST_HOST = "$(BUILT_PRODUCTS_DIR)/immersivePlayer.app/$(BUNDLE_EXECUTABLE_FOLDER_PATH)/immersivePlayer";
				XROS_DEPLOYMENT_TARGET = 2.1;
			};
			name = Debug;
		};
		CC8387302D4DC09D009ED7A2 /* Release */ = {
			isa = XCBuildConfiguration;
			buildSettings = {
				BUNDLE_LOADER = "$(TEST_HOST)";
				CODE_SIGN_STYLE = Automatic;
				CURRENT_PROJECT_VERSION = 1;
				DEVELOPMENT_TEAM = HWM9A35474;
				GENERATE_INFOPLIST_FILE = YES;
				MARKETING_VERSION = 1.0;
				PRODUCT_BUNDLE_IDENTIFIER = sogo.immersivePlayerTests;
				PRODUCT_NAME = "$(TARGET_NAME)";
				SUPPORTED_PLATFORMS = "xros xrsimulator";
				SWIFT_EMIT_LOC_STRINGS = NO;
				SWIFT_VERSION = 5.0;
				TARGETED_DEVICE_FAMILY = 7;
				TEST_HOST = "$(BUILT_PRODUCTS_DIR)/immersivePlayer.app/$(BUNDLE_EXECUTABLE_FOLDER_PATH)/immersivePlayer";
				XROS_DEPLOYMENT_TARGET = 2.1;
			};
			name = Release;
		};
/* End XCBuildConfiguration section */

/* Begin XCConfigurationList section */
		CC8387082D4DC09B009ED7A2 /* Build configuration list for PBXProject "immersivePlayer" */ = {
			isa = XCConfigurationList;
			buildConfigurations = (
				CC83872C2D4DC09D009ED7A2 /* Debug */,
				CC83872D2D4DC09D009ED7A2 /* Release */,
			);
			defaultConfigurationIsVisible = 0;
			defaultConfigurationName = Release;
		};
		CC8387292D4DC09D009ED7A2 /* Build configuration list for PBXNativeTarget "immersivePlayer" */ = {
			isa = XCConfigurationList;
			buildConfigurations = (
				CC83872A2D4DC09D009ED7A2 /* Debug */,
				CC83872B2D4DC09D009ED7A2 /* Release */,
			);
			defaultConfigurationIsVisible = 0;
			defaultConfigurationName = Release;
		};
		CC83872E2D4DC09D009ED7A2 /* Build configuration list for PBXNativeTarget "immersivePlayerTests" */ = {
			isa = XCConfigurationList;
			buildConfigurations = (
				CC83872F2D4DC09D009ED7A2 /* Debug */,
				CC8387302D4DC09D009ED7A2 /* Release */,
			);
			defaultConfigurationIsVisible = 0;
			defaultConfigurationName = Release;
		};
/* End XCConfigurationList section */

/* Begin XCSwiftPackageProductDependency section */
		CC8387122D4DC09B009ED7A2 /* RealityKitContent */ = {
			isa = XCSwiftPackageProductDependency;
			productName = RealityKitContent;
		};
/* End XCSwiftPackageProductDependency section */
	};
	rootObject = CC8387052D4DC09B009ED7A2 /* Project object */;
}
